
Microsoft Visual Studio Solution File, Format Version 12.00
# Visual Studio 15
VisualStudioVersion = 15.0.27130.2024
MinimumVisualStudioVersion = 10.0.40219.1
Project("{FAE04EC0-301F-11D3-BF4B-00C04F79EFBC}") = "WindowsFormsApp1", "WindowsFormsApp1\WindowsFormsApp1.csproj", "{A0F695EA-3B20-4B3D-A781-BE4889BECFB3}"
EndProject
Global
	GlobalSection(SolutionConfigurationPlatforms) = preSolution
		Debug|Any CPU = Debug|Any CPU
		Release|Any CPU = Release|Any CPU
	EndGlobalSection
	GlobalSection(ProjectConfigurationPlatforms) = postSolution
		{A0F695EA-3B20-4B3D-A781-BE4889BECFB3}.Debug|Any CPU.ActiveCfg = Debug|Any CPU
		{A0F695EA-3B20-4B3D-A781-BE4889BECFB3}.Debug|Any CPU.Build.0 = Debug|Any CPU
		{A0F695EA-3B20-4B3D-A781-BE4889BECFB3}.Release|Any CPU.ActiveCfg = Release|Any CPU
		{A0F695EA-3B20-4B3D-A781-BE4889BECFB3}.Release|Any CPU.Build.0 = Release|Any CPU
	EndGlobalSection
	GlobalSection(SolutionProperties) = preSolution
		HideSolutionNode = FALSE
	EndGlobalSection
	GlobalSection(ExtensibilityGlobals) = postSolution
		SolutionGuid = {94B3BACF-EC3C-4A2F-9170-6429DC7FC1FA}
	EndGlobalSection
EndGlobal
